
Microsoft Visual Studio Solution File, Format Version 12.00
# Visual Studio Version 16
VisualStudioVersion = 16.0.29001.49
MinimumVisualStudioVersion = 10.0.40219.1
Project("{FAE04EC0-301F-11D3-BF4B-00C04F79EFBC}") = "ModelPrediction", "ModelPrediction\ModelPrediction.csproj", "{BDDFECE2-A76A-4C27-B171-99E08F9C318E}"
EndProject
Global
	GlobalSection(SolutionConfigurationPlatforms) = preSolution
		Debug|Any CPU = Debug|Any CPU
		Release|Any CPU = Release|Any CPU
	EndGlobalSection
	GlobalSection(ProjectConfigurationPlatforms) = postSolution
		{BDDFECE2-A76A-4C27-B171-99E08F9C318E}.Debug|Any CPU.ActiveCfg = Debug|Any CPU
		{BDDFECE2-A76A-4C27-B171-99E08F9C318E}.Debug|Any CPU.Build.0 = Debug|Any CPU
		{BDDFECE2-A76A-4C27-B171-99E08F9C318E}.Release|Any CPU.ActiveCfg = Release|Any CPU
		{BDDFECE2-A76A-4C27-B171-99E08F9C318E}.Release|Any CPU.Build.0 = Release|Any CPU
	EndGlobalSection
	GlobalSection(SolutionProperties) = preSolution
		HideSolutionNode = FALSE
	EndGlobalSection
	GlobalSection(ExtensibilityGlobals) = postSolution
		SolutionGuid = {38904B19-A261-405E-BA54-578629B6D98A}
	EndGlobalSection
EndGlobal
